# @generated by Move, please check-in and do not edit manually.

[move]
version = 1
manifest_digest = "D5FFDCB6A5DD17F2DAD1B0D65780631E2022625692E30072D836CFBAE84B768B"
deps_digest = "F8BBB0CCB2491CA29A3DF03D6F92277A4F3574266507ACD77214D37ECA3F3082"
dependencies = [
  { name = "Sui" },
]

[[move.package]]
name = "MoveStdlib"
source = { git = "https://github.com/MystenLabs/sui.git", rev = "framework/mainnet", subdir = "crates/sui-framework/packages/move-stdlib" }

[[move.package]]
name = "Sui"
source = { git = "https://github.com/MystenLabs/sui.git", rev = "framework/mainnet", subdir = "crates/sui-framework/packages/sui-framework" }

dependencies = [
  { name = "MoveStdlib" },
]

[move.toolchain-version]
compiler-version = "1.24.1"
edition = "2024.beta"
flavor = "sui"

[env]

[env.mainnet]
chain-id = "35834a8a"
original-published-id = "0x3f2a0baf78f98087a04431f848008bad050cb5f4427059fa08eeefaa94d56cca"
latest-published-id = "0x3f2a0baf78f98087a04431f848008bad050cb5f4427059fa08eeefaa94d56cca"
published-version = "1"
