# @generated by Move, please check-in and do not edit manually.

[move]
version = 1
manifest_digest = "10633FF281DE5AA0977AF34E7A713E62E57C70B023A81CC152BAC226DB7D8FA1"
deps_digest = "F8BBB0CCB2491CA29A3DF03D6F92277A4F3574266507ACD77214D37ECA3F3082"
dependencies = [
  { name = "Sui" },
]

[[move.package]]
name = "MoveStdlib"
source = { git = "https://github.com/MystenLabs/sui.git", rev = "framework/mainnet", subdir = "crates/sui-framework/packages/move-stdlib" }

[[move.package]]
name = "Sui"
source = { git = "https://github.com/MystenLabs/sui.git", rev = "framework/mainnet", subdir = "crates/sui-framework/packages/sui-framework" }

dependencies = [
  { name = "MoveStdlib" },
]

[move.toolchain-version]
compiler-version = "1.34.2"
edition = "2024.beta"
flavor = "sui"

[env]

[env.mainnet]
chain-id = "35834a8a"
original-published-id = "0x3f2a0baf78f98087a04431f848008bad050cb5f4427059fa08eeefaa94d56cca"
latest-published-id = "0x58b2b7bf97caa026fb4bc24fdda2069db4a4f28dc02549b66129f031481f22f9"
published-version = "2"
